
Microsoft Visual Studio Solution File, Format Version 12.00
# Visual Studio 15
VisualStudioVersion = 15.0.27703.2026
MinimumVisualStudioVersion = 10.0.40219.1
Project("{FAE04EC0-301F-11D3-BF4B-00C04F79EFBC}") = "Decimal_Convert", "Decimal_Convert\Decimal_Convert.csproj", "{5F2C0EAC-9A14-474E-8ED9-FFD1DAE0A072}"
EndProject
Global
	GlobalSection(SolutionConfigurationPlatforms) = preSolution
		Debug|Any CPU = Debug|Any CPU
		Release|Any CPU = Release|Any CPU
	EndGlobalSection
	GlobalSection(ProjectConfigurationPlatforms) = postSolution
		{5F2C0EAC-9A14-474E-8ED9-FFD1DAE0A072}.Debug|Any CPU.ActiveCfg = Debug|Any CPU
		{5F2C0EAC-9A14-474E-8ED9-FFD1DAE0A072}.Debug|Any CPU.Build.0 = Debug|Any CPU
		{5F2C0EAC-9A14-474E-8ED9-FFD1DAE0A072}.Release|Any CPU.ActiveCfg = Release|Any CPU
		{5F2C0EAC-9A14-474E-8ED9-FFD1DAE0A072}.Release|Any CPU.Build.0 = Release|Any CPU
	EndGlobalSection
	GlobalSection(SolutionProperties) = preSolution
		HideSolutionNode = FALSE
	EndGlobalSection
	GlobalSection(ExtensibilityGlobals) = postSolution
		SolutionGuid = {D1394D8A-3B9A-4950-A91A-0506B06222C9}
	EndGlobalSection
EndGlobal
